
Microsoft Visual Studio Solution File, Format Version 12.00
# Visual Studio 15
Project("{FAE04EC0-301F-11D3-BF4B-00C04F79EFBC}") = "Assembly-CSharp", "Assembly-CSharp.csproj", "{0C368B3C-BB0B-7DE9-A46C-46F9496BEC62}"
EndProject
Project("{FAE04EC0-301F-11D3-BF4B-00C04F79EFBC}") = "Unity.XR.Interaction.Toolkit.Samples.DeviceSimulator", "Unity.XR.Interaction.Toolkit.Samples.DeviceSimulator.csproj", "{3829557C-E830-86BB-F0EE-656AB06B0AE7}"
EndProject
Project("{FAE04EC0-301F-11D3-BF4B-00C04F79EFBC}") = "Assembly-CSharp-Editor", "Assembly-CSharp-Editor.csproj", "{6A11A14C-CF66-92DE-7620-C4B68144E35E}"
EndProject
Project("{FAE04EC0-301F-11D3-BF4B-00C04F79EFBC}") = "Unity.XR.Interaction.Toolkit.Samples.StarterAssets.Editor", "Unity.XR.Interaction.Toolkit.Samples.StarterAssets.Editor.csproj", "{A3E7EF05-1CAD-28BF-2AC8-FF24518A2EA7}"
EndProject
Project("{FAE04EC0-301F-11D3-BF4B-00C04F79EFBC}") = "Unity.XR.Interaction.Toolkit.Samples.StarterAssets", "Unity.XR.Interaction.Toolkit.Samples.StarterAssets.csproj", "{FEA6C1D2-DC72-078A-5911-4F60435CA30C}"
EndProject
Global
	GlobalSection(SolutionConfigurationPlatforms) = preSolution
		Debug|Any CPU = Debug|Any CPU
		Release|Any CPU = Release|Any CPU
	EndGlobalSection
	GlobalSection(ProjectConfigurationPlatforms) = postSolution
		{0C368B3C-BB0B-7DE9-A46C-46F9496BEC62}.Debug|Any CPU.ActiveCfg = Debug|Any CPU
		{0C368B3C-BB0B-7DE9-A46C-46F9496BEC62}.Debug|Any CPU.Build.0 = Debug|Any CPU
		{0C368B3C-BB0B-7DE9-A46C-46F9496BEC62}.Release|Any CPU.ActiveCfg = Release|Any CPU
		{0C368B3C-BB0B-7DE9-A46C-46F9496BEC62}.Release|Any CPU.Build.0 = Release|Any CPU
		{3829557C-E830-86BB-F0EE-656AB06B0AE7}.Debug|Any CPU.ActiveCfg = Debug|Any CPU
		{3829557C-E830-86BB-F0EE-656AB06B0AE7}.Debug|Any CPU.Build.0 = Debug|Any CPU
		{3829557C-E830-86BB-F0EE-656AB06B0AE7}.Release|Any CPU.ActiveCfg = Release|Any CPU
		{3829557C-E830-86BB-F0EE-656AB06B0AE7}.Release|Any CPU.Build.0 = Release|Any CPU
		{6A11A14C-CF66-92DE-7620-C4B68144E35E}.Debug|Any CPU.ActiveCfg = Debug|Any CPU
		{6A11A14C-CF66-92DE-7620-C4B68144E35E}.Debug|Any CPU.Build.0 = Debug|Any CPU
		{6A11A14C-CF66-92DE-7620-C4B68144E35E}.Release|Any CPU.ActiveCfg = Release|Any CPU
		{6A11A14C-CF66-92DE-7620-C4B68144E35E}.Release|Any CPU.Build.0 = Release|Any CPU
		{A3E7EF05-1CAD-28BF-2AC8-FF24518A2EA7}.Debug|Any CPU.ActiveCfg = Debug|Any CPU
		{A3E7EF05-1CAD-28BF-2AC8-FF24518A2EA7}.Debug|Any CPU.Build.0 = Debug|Any CPU
		{A3E7EF05-1CAD-28BF-2AC8-FF24518A2EA7}.Release|Any CPU.ActiveCfg = Release|Any CPU
		{A3E7EF05-1CAD-28BF-2AC8-FF24518A2EA7}.Release|Any CPU.Build.0 = Release|Any CPU
		{FEA6C1D2-DC72-078A-5911-4F60435CA30C}.Debug|Any CPU.ActiveCfg = Debug|Any CPU
		{FEA6C1D2-DC72-078A-5911-4F60435CA30C}.Debug|Any CPU.Build.0 = Debug|Any CPU
		{FEA6C1D2-DC72-078A-5911-4F60435CA30C}.Release|Any CPU.ActiveCfg = Release|Any CPU
		{FEA6C1D2-DC72-078A-5911-4F60435CA30C}.Release|Any CPU.Build.0 = Release|Any CPU
	EndGlobalSection
	GlobalSection(SolutionProperties) = preSolution
		HideSolutionNode = FALSE
	EndGlobalSection
EndGlobal
